
Microsoft Visual Studio Solution File, Format Version 12.00
# Visual Studio 15
VisualStudioVersion = 15.0.28010.2048
MinimumVisualStudioVersion = 10.0.40219.1
Project("{FAE04EC0-301F-11D3-BF4B-00C04F79EFBC}") = "Unidades Didacticas", "Unidades Didacticas\Unidades Didacticas.csproj", "{4C2A48CB-1590-4C32-99E6-28D8E99B0052}"
EndProject
Global
	GlobalSection(SolutionConfigurationPlatforms) = preSolution
		Debug|Any CPU = Debug|Any CPU
		Release|Any CPU = Release|Any CPU
	EndGlobalSection
	GlobalSection(ProjectConfigurationPlatforms) = postSolution
		{4C2A48CB-1590-4C32-99E6-28D8E99B0052}.Debug|Any CPU.ActiveCfg = Debug|Any CPU
		{4C2A48CB-1590-4C32-99E6-28D8E99B0052}.Debug|Any CPU.Build.0 = Debug|Any CPU
		{4C2A48CB-1590-4C32-99E6-28D8E99B0052}.Release|Any CPU.ActiveCfg = Release|Any CPU
		{4C2A48CB-1590-4C32-99E6-28D8E99B0052}.Release|Any CPU.Build.0 = Release|Any CPU
	EndGlobalSection
	GlobalSection(SolutionProperties) = preSolution
		HideSolutionNode = FALSE
	EndGlobalSection
	GlobalSection(ExtensibilityGlobals) = postSolution
		SolutionGuid = {D9D254F3-5143-485E-BE8C-C3D152712135}
	EndGlobalSection
EndGlobal
